
Microsoft Visual Studio Solution File, Format Version 12.00
# Visual Studio 15
VisualStudioVersion = 15.0.28307.1062
MinimumVisualStudioVersion = 10.0.40219.1
Project("{FAE04EC0-301F-11D3-BF4B-00C04F79EFBC}") = "Form2", "Form2\Form2.csproj", "{70DED05D-910D-4C8D-95B0-970CDFEDB944}"
EndProject
Global
	GlobalSection(SolutionConfigurationPlatforms) = preSolution
		Debug|Any CPU = Debug|Any CPU
		Release|Any CPU = Release|Any CPU
	EndGlobalSection
	GlobalSection(ProjectConfigurationPlatforms) = postSolution
		{70DED05D-910D-4C8D-95B0-970CDFEDB944}.Debug|Any CPU.ActiveCfg = Debug|Any CPU
		{70DED05D-910D-4C8D-95B0-970CDFEDB944}.Debug|Any CPU.Build.0 = Debug|Any CPU
		{70DED05D-910D-4C8D-95B0-970CDFEDB944}.Release|Any CPU.ActiveCfg = Release|Any CPU
		{70DED05D-910D-4C8D-95B0-970CDFEDB944}.Release|Any CPU.Build.0 = Release|Any CPU
	EndGlobalSection
	GlobalSection(SolutionProperties) = preSolution
		HideSolutionNode = FALSE
	EndGlobalSection
	GlobalSection(ExtensibilityGlobals) = postSolution
		SolutionGuid = {AB8E9ACB-8BD9-416B-ACE4-3982BA021825}
	EndGlobalSection
EndGlobal
