
Microsoft Visual Studio Solution File, Format Version 12.00
# Visual Studio Version 16
VisualStudioVersion = 16.0.30114.105
MinimumVisualStudioVersion = 10.0.40219.1
Project("{FAE04EC0-301F-11D3-BF4B-00C04F79EFBC}") = "DesktopClock", "DesktopClock\DesktopClock.csproj", "{6DE7FE58-8490-4444-89F7-68237E057A74}"
EndProject
Global
	GlobalSection(SolutionConfigurationPlatforms) = preSolution
		Debug|Any CPU = Debug|Any CPU
		Release|Any CPU = Release|Any CPU
	EndGlobalSection
	GlobalSection(ProjectConfigurationPlatforms) = postSolution
		{6DE7FE58-8490-4444-89F7-68237E057A74}.Debug|Any CPU.ActiveCfg = Debug|Any CPU
		{6DE7FE58-8490-4444-89F7-68237E057A74}.Debug|Any CPU.Build.0 = Debug|Any CPU
		{6DE7FE58-8490-4444-89F7-68237E057A74}.Release|Any CPU.ActiveCfg = Release|Any CPU
		{6DE7FE58-8490-4444-89F7-68237E057A74}.Release|Any CPU.Build.0 = Release|Any CPU
	EndGlobalSection
	GlobalSection(SolutionProperties) = preSolution
		HideSolutionNode = FALSE
	EndGlobalSection
	GlobalSection(ExtensibilityGlobals) = postSolution
		SolutionGuid = {2CED19FA-68BD-4B5A-AA9C-91AE0C8E8A79}
	EndGlobalSection
EndGlobal
