
Microsoft Visual Studio Solution File, Format Version 12.00
# Visual Studio Version 16
VisualStudioVersion = 16.0.30114.105
MinimumVisualStudioVersion = 10.0.40219.1
Project("{FAE04EC0-301F-11D3-BF4B-00C04F79EFBC}") = "demo10", "demo10\demo10.csproj", "{77210E11-0317-456A-8DA2-47DFCAE38707}"
EndProject
Global
	GlobalSection(SolutionConfigurationPlatforms) = preSolution
		Debug|Any CPU = Debug|Any CPU
		Release|Any CPU = Release|Any CPU
	EndGlobalSection
	GlobalSection(ProjectConfigurationPlatforms) = postSolution
		{77210E11-0317-456A-8DA2-47DFCAE38707}.Debug|Any CPU.ActiveCfg = Debug|Any CPU
		{77210E11-0317-456A-8DA2-47DFCAE38707}.Debug|Any CPU.Build.0 = Debug|Any CPU
		{77210E11-0317-456A-8DA2-47DFCAE38707}.Release|Any CPU.ActiveCfg = Release|Any CPU
		{77210E11-0317-456A-8DA2-47DFCAE38707}.Release|Any CPU.Build.0 = Release|Any CPU
	EndGlobalSection
	GlobalSection(SolutionProperties) = preSolution
		HideSolutionNode = FALSE
	EndGlobalSection
	GlobalSection(ExtensibilityGlobals) = postSolution
		SolutionGuid = {3C18A7D7-C746-4257-A240-C1D02B92BB7B}
	EndGlobalSection
EndGlobal
