
Microsoft Visual Studio Solution File, Format Version 12.00
# Visual Studio Version 16
VisualStudioVersion = 16.0.30114.105
MinimumVisualStudioVersion = 10.0.40219.1
Project("{FAE04EC0-301F-11D3-BF4B-00C04F79EFBC}") = "demo8", "demo8\demo8.csproj", "{00F204AF-4FCF-491C-887E-45ED5A5A0A07}"
EndProject
Global
	GlobalSection(SolutionConfigurationPlatforms) = preSolution
		Debug|Any CPU = Debug|Any CPU
		Release|Any CPU = Release|Any CPU
	EndGlobalSection
	GlobalSection(ProjectConfigurationPlatforms) = postSolution
		{00F204AF-4FCF-491C-887E-45ED5A5A0A07}.Debug|Any CPU.ActiveCfg = Debug|Any CPU
		{00F204AF-4FCF-491C-887E-45ED5A5A0A07}.Debug|Any CPU.Build.0 = Debug|Any CPU
		{00F204AF-4FCF-491C-887E-45ED5A5A0A07}.Release|Any CPU.ActiveCfg = Release|Any CPU
		{00F204AF-4FCF-491C-887E-45ED5A5A0A07}.Release|Any CPU.Build.0 = Release|Any CPU
	EndGlobalSection
	GlobalSection(SolutionProperties) = preSolution
		HideSolutionNode = FALSE
	EndGlobalSection
	GlobalSection(ExtensibilityGlobals) = postSolution
		SolutionGuid = {226A4D75-62DD-40B0-9E05-7314AA3CEEA0}
	EndGlobalSection
EndGlobal
