
Microsoft Visual Studio Solution File, Format Version 12.00
# Visual Studio 15
VisualStudioVersion = 15.0.28307.1062
MinimumVisualStudioVersion = 10.0.40219.1
Project("{9A19103F-16F7-4668-BE54-9A1E7A4F7556}") = "LanzhouBeefNoodles", "LanzhouBeefNoodles\LanzhouBeefNoodles.csproj", "{96A3272D-1F10-4D50-B59E-E877A5D0521A}"
EndProject
Global
	GlobalSection(SolutionConfigurationPlatforms) = preSolution
		Debug|Any CPU = Debug|Any CPU
		Release|Any CPU = Release|Any CPU
	EndGlobalSection
	GlobalSection(ProjectConfigurationPlatforms) = postSolution
		{96A3272D-1F10-4D50-B59E-E877A5D0521A}.Debug|Any CPU.ActiveCfg = Debug|Any CPU
		{96A3272D-1F10-4D50-B59E-E877A5D0521A}.Debug|Any CPU.Build.0 = Debug|Any CPU
		{96A3272D-1F10-4D50-B59E-E877A5D0521A}.Release|Any CPU.ActiveCfg = Release|Any CPU
		{96A3272D-1F10-4D50-B59E-E877A5D0521A}.Release|Any CPU.Build.0 = Release|Any CPU
	EndGlobalSection
	GlobalSection(SolutionProperties) = preSolution
		HideSolutionNode = FALSE
	EndGlobalSection
	GlobalSection(ExtensibilityGlobals) = postSolution
		SolutionGuid = {E7FB69D4-6BCD-4AF5-8AC6-C848FA419312}
	EndGlobalSection
EndGlobal
